
Microsoft Visual Studio Solution File, Format Version 12.00
# Visual Studio Version 17
VisualStudioVersion = 17.13.35931.197 d17.13
MinimumVisualStudioVersion = 10.0.40219.1
Project("{FAE04EC0-301F-11D3-BF4B-00C04F79EFBC}") = "CI-CD-Project", "CI-CD-Project\CI-CD-Project.csproj", "{50A92FAB-BCE2-44A9-8BBA-78808D4AF8A6}"
EndProject
Project("{FAE04EC0-301F-11D3-BF4B-00C04F79EFBC}") = "CalculatorTests", "CalculatorTests\CalculatorTests.csproj", "{E028169A-B256-4910-BCD3-1C5DE85E2A30}"
EndProject
Global
	GlobalSection(SolutionConfigurationPlatforms) = preSolution
		Debug|Any CPU = Debug|Any CPU
		Release|Any CPU = Release|Any CPU
	EndGlobalSection
	GlobalSection(ProjectConfigurationPlatforms) = postSolution
		{50A92FAB-BCE2-44A9-8BBA-78808D4AF8A6}.Debug|Any CPU.ActiveCfg = Debug|Any CPU
		{50A92FAB-BCE2-44A9-8BBA-78808D4AF8A6}.Debug|Any CPU.Build.0 = Debug|Any CPU
		{50A92FAB-BCE2-44A9-8BBA-78808D4AF8A6}.Release|Any CPU.ActiveCfg = Release|Any CPU
		{50A92FAB-BCE2-44A9-8BBA-78808D4AF8A6}.Release|Any CPU.Build.0 = Release|Any CPU
		{E028169A-B256-4910-BCD3-1C5DE85E2A30}.Debug|Any CPU.ActiveCfg = Debug|Any CPU
		{E028169A-B256-4910-BCD3-1C5DE85E2A30}.Debug|Any CPU.Build.0 = Debug|Any CPU
		{E028169A-B256-4910-BCD3-1C5DE85E2A30}.Release|Any CPU.ActiveCfg = Release|Any CPU
		{E028169A-B256-4910-BCD3-1C5DE85E2A30}.Release|Any CPU.Build.0 = Release|Any CPU
	EndGlobalSection
	GlobalSection(SolutionProperties) = preSolution
		HideSolutionNode = FALSE
	EndGlobalSection
	GlobalSection(ExtensibilityGlobals) = postSolution
		SolutionGuid = {AF7DA419-E644-4BB2-B913-FE83EA026C11}
	EndGlobalSection
EndGlobal
